
Microsoft Visual Studio Solution File, Format Version 12.00
# Visual Studio 15
VisualStudioVersion = 15.0.27004.2009
MinimumVisualStudioVersion = 10.0.40219.1
Project("{FAE04EC0-301F-11D3-BF4B-00C04F79EFBC}") = "2dArena", "2dArenaBiznisModel\2dArena.csproj", "{64DCF3C5-1355-4AA7-988C-6F4D9F9C8C3E}"
EndProject
Global
	GlobalSection(SolutionConfigurationPlatforms) = preSolution
		Debug|Any CPU = Debug|Any CPU
		Release|Any CPU = Release|Any CPU
	EndGlobalSection
	GlobalSection(ProjectConfigurationPlatforms) = postSolution
		{64DCF3C5-1355-4AA7-988C-6F4D9F9C8C3E}.Debug|Any CPU.ActiveCfg = Debug|Any CPU
		{64DCF3C5-1355-4AA7-988C-6F4D9F9C8C3E}.Debug|Any CPU.Build.0 = Debug|Any CPU
		{64DCF3C5-1355-4AA7-988C-6F4D9F9C8C3E}.Release|Any CPU.ActiveCfg = Release|Any CPU
		{64DCF3C5-1355-4AA7-988C-6F4D9F9C8C3E}.Release|Any CPU.Build.0 = Release|Any CPU
	EndGlobalSection
	GlobalSection(SolutionProperties) = preSolution
		HideSolutionNode = FALSE
	EndGlobalSection
	GlobalSection(ExtensibilityGlobals) = postSolution
		SolutionGuid = {403DC095-FA85-42ED-8165-B652C8430AAF}
	EndGlobalSection
EndGlobal
